
Microsoft Visual Studio Solution File, Format Version 12.00
# Visual Studio Version 17
VisualStudioVersion = 17.1.32210.238
MinimumVisualStudioVersion = 10.0.40219.1
Project("{9A19103F-16F7-4668-BE54-9A1E7A4F7556}") = "Eval.Core", "Eval.Core\Eval.Core.csproj", "{47301D02-AB61-4FCC-95F6-4EFD3DF68E0F}"
EndProject
Project("{9A19103F-16F7-4668-BE54-9A1E7A4F7556}") = "Eval.ConfigOptimizer", "Eval.ConfigOptimizer\Eval.ConfigOptimizer.csproj", "{124A31C5-0FEB-42B3-9356-45590134D496}"
EndProject
Project("{FAE04EC0-301F-11D3-BF4B-00C04F79EFBC}") = "Eval.Examples", "Eval.Examples\Eval.Examples.csproj", "{12D05F47-F7E6-4E0A-BE1A-D252A1750042}"
EndProject
Project("{FAE04EC0-301F-11D3-BF4B-00C04F79EFBC}") = "Eval.Test.Unit", "Eval.Test.Unit\Eval.Test.Unit.csproj", "{42E23CC7-2380-47CF-B224-0ABA8C4486BC}"
EndProject
Global
	GlobalSection(SolutionConfigurationPlatforms) = preSolution
		Debug|Any CPU = Debug|Any CPU
		Release|Any CPU = Release|Any CPU
	EndGlobalSection
	GlobalSection(ProjectConfigurationPlatforms) = postSolution
		{47301D02-AB61-4FCC-95F6-4EFD3DF68E0F}.Debug|Any CPU.ActiveCfg = Debug|Any CPU
		{47301D02-AB61-4FCC-95F6-4EFD3DF68E0F}.Debug|Any CPU.Build.0 = Debug|Any CPU
		{47301D02-AB61-4FCC-95F6-4EFD3DF68E0F}.Release|Any CPU.ActiveCfg = Release|Any CPU
		{47301D02-AB61-4FCC-95F6-4EFD3DF68E0F}.Release|Any CPU.Build.0 = Release|Any CPU
		{124A31C5-0FEB-42B3-9356-45590134D496}.Debug|Any CPU.ActiveCfg = Debug|Any CPU
		{124A31C5-0FEB-42B3-9356-45590134D496}.Debug|Any CPU.Build.0 = Debug|Any CPU
		{124A31C5-0FEB-42B3-9356-45590134D496}.Release|Any CPU.ActiveCfg = Release|Any CPU
		{124A31C5-0FEB-42B3-9356-45590134D496}.Release|Any CPU.Build.0 = Release|Any CPU
		{12D05F47-F7E6-4E0A-BE1A-D252A1750042}.Debug|Any CPU.ActiveCfg = Debug|Any CPU
		{12D05F47-F7E6-4E0A-BE1A-D252A1750042}.Debug|Any CPU.Build.0 = Debug|Any CPU
		{12D05F47-F7E6-4E0A-BE1A-D252A1750042}.Release|Any CPU.ActiveCfg = Release|Any CPU
		{12D05F47-F7E6-4E0A-BE1A-D252A1750042}.Release|Any CPU.Build.0 = Release|Any CPU
		{42E23CC7-2380-47CF-B224-0ABA8C4486BC}.Debug|Any CPU.ActiveCfg = Debug|Any CPU
		{42E23CC7-2380-47CF-B224-0ABA8C4486BC}.Debug|Any CPU.Build.0 = Debug|Any CPU
		{42E23CC7-2380-47CF-B224-0ABA8C4486BC}.Release|Any CPU.ActiveCfg = Release|Any CPU
		{42E23CC7-2380-47CF-B224-0ABA8C4486BC}.Release|Any CPU.Build.0 = Release|Any CPU
	EndGlobalSection
	GlobalSection(SolutionProperties) = preSolution
		HideSolutionNode = FALSE
	EndGlobalSection
	GlobalSection(ExtensibilityGlobals) = postSolution
		SolutionGuid = {B9AE182F-2256-41EE-ABA0-76724E9B5737}
	EndGlobalSection
EndGlobal
